
Microsoft Visual Studio Solution File, Format Version 12.00
# Visual Studio Version 17
VisualStudioVersion = 17.4.33110.190
MinimumVisualStudioVersion = 10.0.40219.1
Project("{9A19103F-16F7-4668-BE54-9A1E7A4F7556}") = "GSC-FinalProject", "GSC-FinalProject\GSC-FinalProject.csproj", "{B02C3DFE-173F-4868-B33D-4EEB2E1D8E55}"
EndProject
Project("{FAE04EC0-301F-11D3-BF4B-00C04F79EFBC}") = "CategoryControllerTests", "CategoryControllerTests\CategoryControllerTests.csproj", "{F7F6E032-37B1-46F9-A27F-D5AF07954FA1}"
EndProject
Global
	GlobalSection(SolutionConfigurationPlatforms) = preSolution
		Debug|Any CPU = Debug|Any CPU
		Release|Any CPU = Release|Any CPU
	EndGlobalSection
	GlobalSection(ProjectConfigurationPlatforms) = postSolution
		{B02C3DFE-173F-4868-B33D-4EEB2E1D8E55}.Debug|Any CPU.ActiveCfg = Debug|Any CPU
		{B02C3DFE-173F-4868-B33D-4EEB2E1D8E55}.Debug|Any CPU.Build.0 = Debug|Any CPU
		{B02C3DFE-173F-4868-B33D-4EEB2E1D8E55}.Release|Any CPU.ActiveCfg = Release|Any CPU
		{B02C3DFE-173F-4868-B33D-4EEB2E1D8E55}.Release|Any CPU.Build.0 = Release|Any CPU
		{F7F6E032-37B1-46F9-A27F-D5AF07954FA1}.Debug|Any CPU.ActiveCfg = Debug|Any CPU
		{F7F6E032-37B1-46F9-A27F-D5AF07954FA1}.Debug|Any CPU.Build.0 = Debug|Any CPU
		{F7F6E032-37B1-46F9-A27F-D5AF07954FA1}.Release|Any CPU.ActiveCfg = Release|Any CPU
		{F7F6E032-37B1-46F9-A27F-D5AF07954FA1}.Release|Any CPU.Build.0 = Release|Any CPU
	EndGlobalSection
	GlobalSection(SolutionProperties) = preSolution
		HideSolutionNode = FALSE
	EndGlobalSection
	GlobalSection(ExtensibilityGlobals) = postSolution
		SolutionGuid = {0751CF09-2491-42AD-BB24-9F8EF484A7DC}
	EndGlobalSection
EndGlobal
